// !$*UTF8*$!
{
	archiveVersion = 1;
	classes = {
	};
	objectVersion = 46;
	objects = {

/* Begin PBXBuildFile section */
		F2BCCF811D2A469100E86BC7 /* AppDelegate.swift in Sources */ = {isa = PBXBuildFile; fileRef = F2BCCF801D2A469100E86BC7 /* AppDelegate.swift */; };
		F2BCCF831D2A469100E86BC7 /* ViewController.swift in Sources */ = {isa = PBXBuildFile; fileRef = F2BCCF821D2A469100E86BC7 /* ViewController.swift */; };
		F2BCCF881D2A469200E86BC7 /* Assets.xcassets in Resources */ = {isa = PBXBuildFile; fileRef = F2BCCF871D2A469200E86BC7 /* Assets.xcassets */; };
		F2BCCF8B1D2A469200E86BC7 /* LaunchScreen.storyboard in Resources */ = {isa = PBXBuildFile; fileRef = F2BCCF891D2A469200E86BC7 /* LaunchScreen.storyboard */; };
		F2BCCF961D2A469200E86BC7 /* phone_bookTests.swift in Sources */ = {isa = PBXBuildFile; fileRef = F2BCCF951D2A469200E86BC7 /* phone_bookTests.swift */; };
		F2BCCFA11D2A469200E86BC7 /* phone_bookUITests.swift in Sources */ = {isa = PBXBuildFile; fileRef = F2BCCFA01D2A469200E86BC7 /* phone_bookUITests.swift */; };
		F2BCCFAF1D2A46A300E86BC7 /* libsqlite3.0.tbd in Frameworks */ = {isa = PBXBuildFile; fileRef = F2BCCFAE1D2A46A300E86BC7 /* libsqlite3.0.tbd */; };
		F2BCCFB61D2A46E800E86BC7 /* data.db in Resources */ = {isa = PBXBuildFile; fileRef = F2BCCFB11D2A46E800E86BC7 /* data.db */; };
		F2BCCFB71D2A46E800E86BC7 /* SQLiteDB.swift in Sources */ = {isa = PBXBuildFile; fileRef = F2BCCFB31D2A46E800E86BC7 /* SQLiteDB.swift */; };
		F2BCCFB81D2A46E800E86BC7 /* SQLTable.swift in Sources */ = {isa = PBXBuildFile; fileRef = F2BCCFB41D2A46E800E86BC7 /* SQLTable.swift */; };
		F2BCCFB91D2A46E800E86BC7 /* String-Extras.swift in Sources */ = {isa = PBXBuildFile; fileRef = F2BCCFB51D2A46E800E86BC7 /* String-Extras.swift */; };
		F2BCCFBF1D2A5B3900E86BC7 /* add.swift in Sources */ = {isa = PBXBuildFile; fileRef = F2BCCFBE1D2A5B3900E86BC7 /* add.swift */; };
		F2BCCFC21D2A65D500E86BC7 /* Main.storyboard in Resources */ = {isa = PBXBuildFile; fileRef = F2BCCFC01D2A65D500E86BC7 /* Main.storyboard */; };
		F2BCCFC41D2A81E700E86BC7 /* showall.swift in Sources */ = {isa = PBXBuildFile; fileRef = F2BCCFC31D2A81E700E86BC7 /* showall.swift */; };
		F2BCCFC61D2B4C8400E86BC7 /* Delet.swift in Sources */ = {isa = PBXBuildFile; fileRef = F2BCCFC51D2B4C8400E86BC7 /* Delet.swift */; };
		F2BCCFC81D2B7E1900E86BC7 /* Namelookup.swift in Sources */ = {isa = PBXBuildFile; fileRef = F2BCCFC71D2B7E1900E86BC7 /* Namelookup.swift */; };
		F2BCCFCA1D2B86AB00E86BC7 /* phonelookup.swift in Sources */ = {isa = PBXBuildFile; fileRef = F2BCCFC91D2B86AB00E86BC7 /* phonelookup.swift */; };
/* End PBXBuildFile section */

/* Begin PBXContainerItemProxy section */
		F2BCCF921D2A469200E86BC7 /* PBXContainerItemProxy */ = {
			isa = PBXContainerItemProxy;
			containerPortal = F2BCCF751D2A469100E86BC7 /* Project object */;
			proxyType = 1;
			remoteGlobalIDString = F2BCCF7C1D2A469100E86BC7;
			remoteInfo = "phone book";
		};
		F2BCCF9D1D2A469200E86BC7 /* PBXContainerItemProxy */ = {
			isa = PBXContainerItemProxy;
			containerPortal = F2BCCF751D2A469100E86BC7 /* Project object */;
			proxyType = 1;
			remoteGlobalIDString = F2BCCF7C1D2A469100E86BC7;
			remoteInfo = "phone book";
		};
/* End PBXContainerItemProxy section */

/* Begin PBXFileReference section */
		F2BCCF7D1D2A469100E86BC7 /* phone book.app */ = {isa = PBXFileReference; explicitFileType = wrapper.application; includeInIndex = 0; path = "phone book.app"; sourceTree = BUILT_PRODUCTS_DIR; };
		F2BCCF801D2A469100E86BC7 /* AppDelegate.swift */ = {isa = PBXFileReference; lastKnownFileType = sourcecode.swift; path = AppDelegate.swift; sourceTree = "<group>"; };
		F2BCCF821D2A469100E86BC7 /* ViewController.swift */ = {isa = PBXFileReference; lastKnownFileType = sourcecode.swift; path = ViewController.swift; sourceTree = "<group>"; };
		F2BCCF871D2A469200E86BC7 /* Assets.xcassets */ = {isa = PBXFileReference; lastKnownFileType = folder.assetcatalog; path = Assets.xcassets; sourceTree = "<group>"; };
		F2BCCF8A1D2A469200E86BC7 /* Base */ = {isa = PBXFileReference; lastKnownFileType = file.storyboard; name = Base; path = Base.lproj/LaunchScreen.storyboard; sourceTree = "<group>"; };
		F2BCCF8C1D2A469200E86BC7 /* Info.plist */ = {isa = PBXFileReference; lastKnownFileType = text.plist.xml; path = Info.plist; sourceTree = "<group>"; };
		F2BCCF911D2A469200E86BC7 /* phone bookTests.xctest */ = {isa = PBXFileReference; explicitFileType = wrapper.cfbundle; includeInIndex = 0; path = "phone bookTests.xctest"; sourceTree = BUILT_PRODUCTS_DIR; };
		F2BCCF951D2A469200E86BC7 /* phone_bookTests.swift */ = {isa = PBXFileReference; lastKnownFileType = sourcecode.swift; path = phone_bookTests.swift; sourceTree = "<group>"; };
		F2BCCF971D2A469200E86BC7 /* Info.plist */ = {isa = PBXFileReference; lastKnownFileType = text.plist.xml; path = Info.plist; sourceTree = "<group>"; };
		F2BCCF9C1D2A469200E86BC7 /* phone bookUITests.xctest */ = {isa = PBXFileReference; explicitFileType = wrapper.cfbundle; includeInIndex = 0; path = "phone bookUITests.xctest"; sourceTree = BUILT_PRODUCTS_DIR; };
		F2BCCFA01D2A469200E86BC7 /* phone_bookUITests.swift */ = {isa = PBXFileReference; lastKnownFileType = sourcecode.swift; path = phone_bookUITests.swift; sourceTree = "<group>"; };
		F2BCCFA21D2A469200E86BC7 /* Info.plist */ = {isa = PBXFileReference; lastKnownFileType = text.plist.xml; path = Info.plist; sourceTree = "<group>"; };
		F2BCCFAE1D2A46A300E86BC7 /* libsqlite3.0.tbd */ = {isa = PBXFileReference; lastKnownFileType = "sourcecode.text-based-dylib-definition"; name = libsqlite3.0.tbd; path = usr/lib/libsqlite3.0.tbd; sourceTree = SDKROOT; };
		F2BCCFB01D2A46B300E86BC7 /* Header.h */ = {isa = PBXFileReference; lastKnownFileType = sourcecode.c.h; path = Header.h; sourceTree = "<group>"; };
		F2BCCFB11D2A46E800E86BC7 /* data.db */ = {isa = PBXFileReference; fileEncoding = 4; lastKnownFileType = text; path = data.db; sourceTree = "<group>"; };
		F2BCCFB31D2A46E800E86BC7 /* SQLiteDB.swift */ = {isa = PBXFileReference; fileEncoding = 4; lastKnownFileType = sourcecode.swift; path = SQLiteDB.swift; sourceTree = "<group>"; };
		F2BCCFB41D2A46E800E86BC7 /* SQLTable.swift */ = {isa = PBXFileReference; fileEncoding = 4; lastKnownFileType = sourcecode.swift; path = SQLTable.swift; sourceTree = "<group>"; };
		F2BCCFB51D2A46E800E86BC7 /* String-Extras.swift */ = {isa = PBXFileReference; fileEncoding = 4; lastKnownFileType = sourcecode.swift; path = "String-Extras.swift"; sourceTree = "<group>"; };
		F2BCCFBE1D2A5B3900E86BC7 /* add.swift */ = {isa = PBXFileReference; fileEncoding = 4; lastKnownFileType = sourcecode.swift; path = add.swift; sourceTree = "<group>"; };
		F2BCCFC11D2A65D500E86BC7 /* Base */ = {isa = PBXFileReference; lastKnownFileType = file.storyboard; name = Base; path = Base.lproj/Main.storyboard; sourceTree = "<group>"; };
		F2BCCFC31D2A81E700E86BC7 /* showall.swift */ = {isa = PBXFileReference; fileEncoding = 4; lastKnownFileType = sourcecode.swift; path = showall.swift; sourceTree = "<group>"; };
		F2BCCFC51D2B4C8400E86BC7 /* Delet.swift */ = {isa = PBXFileReference; fileEncoding = 4; lastKnownFileType = sourcecode.swift; path = Delet.swift; sourceTree = "<group>"; };
		F2BCCFC71D2B7E1900E86BC7 /* Namelookup.swift */ = {isa = PBXFileReference; fileEncoding = 4; lastKnownFileType = sourcecode.swift; path = Namelookup.swift; sourceTree = "<group>"; };
		F2BCCFC91D2B86AB00E86BC7 /* phonelookup.swift */ = {isa = PBXFileReference; fileEncoding = 4; lastKnownFileType = sourcecode.swift; path = phonelookup.swift; sourceTree = "<group>"; };
/* End PBXFileReference section */

/* Begin PBXFrameworksBuildPhase section */
		F2BCCF7A1D2A469100E86BC7 /* Frameworks */ = {
			isa = PBXFrameworksBuildPhase;
			buildActionMask = 2147483647;
			files = (
				F2BCCFAF1D2A46A300E86BC7 /* libsqlite3.0.tbd in Frameworks */,
			);
			runOnlyForDeploymentPostprocessing = 0;
		};
		F2BCCF8E1D2A469200E86BC7 /* Frameworks */ = {
			isa = PBXFrameworksBuildPhase;
			buildActionMask = 2147483647;
			files = (
			);
			runOnlyForDeploymentPostprocessing = 0;
		};
		F2BCCF991D2A469200E86BC7 /* Frameworks */ = {
			isa = PBXFrameworksBuildPhase;
			buildActionMask = 2147483647;
			files = (
			);
			runOnlyForDeploymentPostprocessing = 0;
		};
/* End PBXFrameworksBuildPhase section */

/* Begin PBXGroup section */
		F2BCCF741D2A469100E86BC7 = {
			isa = PBXGroup;
			children = (
				F2BCCFAE1D2A46A300E86BC7 /* libsqlite3.0.tbd */,
				F2BCCFB11D2A46E800E86BC7 /* data.db */,
				F2BCCFB21D2A46E800E86BC7 /* SQLiteDB */,
				F2BCCF7F1D2A469100E86BC7 /* phone book */,
				F2BCCF941D2A469200E86BC7 /* phone bookTests */,
				F2BCCF9F1D2A469200E86BC7 /* phone bookUITests */,
				F2BCCF7E1D2A469100E86BC7 /* Products */,
			);
			sourceTree = "<group>";
		};
		F2BCCF7E1D2A469100E86BC7 /* Products */ = {
			isa = PBXGroup;
			children = (
				F2BCCF7D1D2A469100E86BC7 /* phone book.app */,
				F2BCCF911D2A469200E86BC7 /* phone bookTests.xctest */,
				F2BCCF9C1D2A469200E86BC7 /* phone bookUITests.xctest */,
			);
			name = Products;
			sourceTree = "<group>";
		};
		F2BCCF7F1D2A469100E86BC7 /* phone book */ = {
			isa = PBXGroup;
			children = (
				F2BCCF801D2A469100E86BC7 /* AppDelegate.swift */,
				F2BCCF821D2A469100E86BC7 /* ViewController.swift */,
				F2BCCFC01D2A65D500E86BC7 /* Main.storyboard */,
				F2BCCF871D2A469200E86BC7 /* Assets.xcassets */,
				F2BCCF891D2A469200E86BC7 /* LaunchScreen.storyboard */,
				F2BCCF8C1D2A469200E86BC7 /* Info.plist */,
				F2BCCFB01D2A46B300E86BC7 /* Header.h */,
				F2BCCFBE1D2A5B3900E86BC7 /* add.swift */,
				F2BCCFC31D2A81E700E86BC7 /* showall.swift */,
				F2BCCFC51D2B4C8400E86BC7 /* Delet.swift */,
				F2BCCFC71D2B7E1900E86BC7 /* Namelookup.swift */,
				F2BCCFC91D2B86AB00E86BC7 /* phonelookup.swift */,
			);
			path = "phone book";
			sourceTree = "<group>";
		};
		F2BCCF941D2A469200E86BC7 /* phone bookTests */ = {
			isa = PBXGroup;
			children = (
				F2BCCF951D2A469200E86BC7 /* phone_bookTests.swift */,
				F2BCCF971D2A469200E86BC7 /* Info.plist */,
			);
			path = "phone bookTests";
			sourceTree = "<group>";
		};
		F2BCCF9F1D2A469200E86BC7 /* phone bookUITests */ = {
			isa = PBXGroup;
			children = (
				F2BCCFA01D2A469200E86BC7 /* phone_bookUITests.swift */,
				F2BCCFA21D2A469200E86BC7 /* Info.plist */,
			);
			path = "phone bookUITests";
			sourceTree = "<group>";
		};
		F2BCCFB21D2A46E800E86BC7 /* SQLiteDB */ = {
			isa = PBXGroup;
			children = (
				F2BCCFB31D2A46E800E86BC7 /* SQLiteDB.swift */,
				F2BCCFB41D2A46E800E86BC7 /* SQLTable.swift */,
				F2BCCFB51D2A46E800E86BC7 /* String-Extras.swift */,
			);
			path = SQLiteDB;
			sourceTree = "<group>";
		};
/* End PBXGroup section */

/* Begin PBXNativeTarget section */
		F2BCCF7C1D2A469100E86BC7 /* phone book */ = {
			isa = PBXNativeTarget;
			buildConfigurationList = F2BCCFA51D2A469200E86BC7 /* Build configuration list for PBXNativeTarget "phone book" */;
			buildPhases = (
				F2BCCF791D2A469100E86BC7 /* Sources */,
				F2BCCF7A1D2A469100E86BC7 /* Frameworks */,
				F2BCCF7B1D2A469100E86BC7 /* Resources */,
			);
			buildRules = (
			);
			dependencies = (
			);
			name = "phone book";
			productName = "phone book";
			productReference = F2BCCF7D1D2A469100E86BC7 /* phone book.app */;
			productType = "com.apple.product-type.application";
		};
		F2BCCF901D2A469200E86BC7 /* phone bookTests */ = {
			isa = PBXNativeTarget;
			buildConfigurationList = F2BCCFA81D2A469200E86BC7 /* Build configuration list for PBXNativeTarget "phone bookTests" */;
			buildPhases = (
				F2BCCF8D1D2A469200E86BC7 /* Sources */,
				F2BCCF8E1D2A469200E86BC7 /* Frameworks */,
				F2BCCF8F1D2A469200E86BC7 /* Resources */,
			);
			buildRules = (
			);
			dependencies = (
				F2BCCF931D2A469200E86BC7 /* PBXTargetDependency */,
			);
			name = "phone bookTests";
			productName = "phone bookTests";
			productReference = F2BCCF911D2A469200E86BC7 /* phone bookTests.xctest */;
			productType = "com.apple.product-type.bundle.unit-test";
		};
		F2BCCF9B1D2A469200E86BC7 /* phone bookUITests */ = {
			isa = PBXNativeTarget;
			buildConfigurationList = F2BCCFAB1D2A469200E86BC7 /* Build configuration list for PBXNativeTarget "phone bookUITests" */;
			buildPhases = (
				F2BCCF981D2A469200E86BC7 /* Sources */,
				F2BCCF991D2A469200E86BC7 /* Frameworks */,
				F2BCCF9A1D2A469200E86BC7 /* Resources */,
			);
			buildRules = (
			);
			dependencies = (
				F2BCCF9E1D2A469200E86BC7 /* PBXTargetDependency */,
			);
			name = "phone bookUITests";
			productName = "phone bookUITests";
			productReference = F2BCCF9C1D2A469200E86BC7 /* phone bookUITests.xctest */;
			productType = "com.apple.product-type.bundle.ui-testing";
		};
/* End PBXNativeTarget section */

/* Begin PBXProject section */
		F2BCCF751D2A469100E86BC7 /* Project object */ = {
			isa = PBXProject;
			attributes = {
				LastSwiftUpdateCheck = 0730;
				LastUpgradeCheck = 0730;
				ORGANIZATIONNAME = CIEC_iMac;
				TargetAttributes = {
					F2BCCF7C1D2A469100E86BC7 = {
						CreatedOnToolsVersion = 7.3.1;
					};
					F2BCCF901D2A469200E86BC7 = {
						CreatedOnToolsVersion = 7.3.1;
						TestTargetID = F2BCCF7C1D2A469100E86BC7;
					};
					F2BCCF9B1D2A469200E86BC7 = {
						CreatedOnToolsVersion = 7.3.1;
						TestTargetID = F2BCCF7C1D2A469100E86BC7;
					};
				};
			};
			buildConfigurationList = F2BCCF781D2A469100E86BC7 /* Build configuration list for PBXProject "phone book" */;
			compatibilityVersion = "Xcode 3.2";
			developmentRegion = English;
			hasScannedForEncodings = 0;
			knownRegions = (
				en,
				Base,
			);
			mainGroup = F2BCCF741D2A469100E86BC7;
			productRefGroup = F2BCCF7E1D2A469100E86BC7 /* Products */;
			projectDirPath = "";
			projectRoot = "";
			targets = (
				F2BCCF7C1D2A469100E86BC7 /* phone book */,
				F2BCCF901D2A469200E86BC7 /* phone bookTests */,
				F2BCCF9B1D2A469200E86BC7 /* phone bookUITests */,
			);
		};
/* End PBXProject section */

/* Begin PBXResourcesBuildPhase section */
		F2BCCF7B1D2A469100E86BC7 /* Resources */ = {
			isa = PBXResourcesBuildPhase;
			buildActionMask = 2147483647;
			files = (
				F2BCCF8B1D2A469200E86BC7 /* LaunchScreen.storyboard in Resources */,
				F2BCCFC21D2A65D500E86BC7 /* Main.storyboard in Resources */,
				F2BCCFB61D2A46E800E86BC7 /* data.db in Resources */,
				F2BCCF881D2A469200E86BC7 /* Assets.xcassets in Resources */,
			);
			runOnlyForDeploymentPostprocessing = 0;
		};
		F2BCCF8F1D2A469200E86BC7 /* Resources */ = {
			isa = PBXResourcesBuildPhase;
			buildActionMask = 2147483647;
			files = (
			);
			runOnlyForDeploymentPostprocessing = 0;
		};
		F2BCCF9A1D2A469200E86BC7 /* Resources */ = {
			isa = PBXResourcesBuildPhase;
			buildActionMask = 2147483647;
			files = (
			);
			runOnlyForDeploymentPostprocessing = 0;
		};
/* End PBXResourcesBuildPhase section */

/* Begin PBXSourcesBuildPhase section */
		F2BCCF791D2A469100E86BC7 /* Sources */ = {
			isa = PBXSourcesBuildPhase;
			buildActionMask = 2147483647;
			files = (
				F2BCCFB91D2A46E800E86BC7 /* String-Extras.swift in Sources */,
				F2BCCFB71D2A46E800E86BC7 /* SQLiteDB.swift in Sources */,
				F2BCCFB81D2A46E800E86BC7 /* SQLTable.swift in Sources */,
				F2BCCF831D2A469100E86BC7 /* ViewController.swift in Sources */,
				F2BCCFCA1D2B86AB00E86BC7 /* phonelookup.swift in Sources */,
				F2BCCFC61D2B4C8400E86BC7 /* Delet.swift in Sources */,
				F2BCCF811D2A469100E86BC7 /* AppDelegate.swift in Sources */,
				F2BCCFC41D2A81E700E86BC7 /* showall.swift in Sources */,
				F2BCCFC81D2B7E1900E86BC7 /* Namelookup.swift in Sources */,
				F2BCCFBF1D2A5B3900E86BC7 /* add.swift in Sources */,
			);
			runOnlyForDeploymentPostprocessing = 0;
		};
		F2BCCF8D1D2A469200E86BC7 /* Sources */ = {
			isa = PBXSourcesBuildPhase;
			buildActionMask = 2147483647;
			files = (
				F2BCCF961D2A469200E86BC7 /* phone_bookTests.swift in Sources */,
			);
			runOnlyForDeploymentPostprocessing = 0;
		};
		F2BCCF981D2A469200E86BC7 /* Sources */ = {
			isa = PBXSourcesBuildPhase;
			buildActionMask = 2147483647;
			files = (
				F2BCCFA11D2A469200E86BC7 /* phone_bookUITests.swift in Sources */,
			);
			runOnlyForDeploymentPostprocessing = 0;
		};
/* End PBXSourcesBuildPhase section */

/* Begin PBXTargetDependency section */
		F2BCCF931D2A469200E86BC7 /* PBXTargetDependency */ = {
			isa = PBXTargetDependency;
			target = F2BCCF7C1D2A469100E86BC7 /* phone book */;
			targetProxy = F2BCCF921D2A469200E86BC7 /* PBXContainerItemProxy */;
		};
		F2BCCF9E1D2A469200E86BC7 /* PBXTargetDependency */ = {
			isa = PBXTargetDependency;
			target = F2BCCF7C1D2A469100E86BC7 /* phone book */;
			targetProxy = F2BCCF9D1D2A469200E86BC7 /* PBXContainerItemProxy */;
		};
/* End PBXTargetDependency section */

/* Begin PBXVariantGroup section */
		F2BCCF891D2A469200E86BC7 /* LaunchScreen.storyboard */ = {
			isa = PBXVariantGroup;
			children = (
				F2BCCF8A1D2A469200E86BC7 /* Base */,
			);
			name = LaunchScreen.storyboard;
			sourceTree = "<group>";
		};
		F2BCCFC01D2A65D500E86BC7 /* Main.storyboard */ = {
			isa = PBXVariantGroup;
			children = (
				F2BCCFC11D2A65D500E86BC7 /* Base */,
			);
			name = Main.storyboard;
			sourceTree = "<group>";
		};
/* End PBXVariantGroup section */

/* Begin XCBuildConfiguration section */
		F2BCCFA31D2A469200E86BC7 /* Debug */ = {
			isa = XCBuildConfiguration;
			buildSettings = {
				ALWAYS_SEARCH_USER_PATHS = NO;
				CLANG_ANALYZER_NONNULL = YES;
				CLANG_CXX_LANGUAGE_STANDARD = "gnu++0x";
				CLANG_CXX_LIBRARY = "libc++";
				CLANG_ENABLE_MODULES = YES;
				CLANG_ENABLE_OBJC_ARC = YES;
				CLANG_WARN_BOOL_CONVERSION = YES;
				CLANG_WARN_CONSTANT_CONVERSION = YES;
				CLANG_WARN_DIRECT_OBJC_ISA_USAGE = YES_ERROR;
				CLANG_WARN_EMPTY_BODY = YES;
				CLANG_WARN_ENUM_CONVERSION = YES;
				CLANG_WARN_INT_CONVERSION = YES;
				CLANG_WARN_OBJC_ROOT_CLASS = YES_ERROR;
				CLANG_WARN_UNREACHABLE_CODE = YES;
				CLANG_WARN__DUPLICATE_METHOD_MATCH = YES;
				"CODE_SIGN_IDENTITY[sdk=iphoneos*]" = "iPhone Developer";
				COPY_PHASE_STRIP = NO;
				DEBUG_INFORMATION_FORMAT = dwarf;
				ENABLE_STRICT_OBJC_MSGSEND = YES;
				ENABLE_TESTABILITY = YES;
				GCC_C_LANGUAGE_STANDARD = gnu99;
				GCC_DYNAMIC_NO_PIC = NO;
				GCC_NO_COMMON_BLOCKS = YES;
				GCC_OPTIMIZATION_LEVEL = 0;
				GCC_PREPROCESSOR_DEFINITIONS = (
					"DEBUG=1",
					"$(inherited)",
				);
				GCC_WARN_64_TO_32_BIT_CONVERSION = YES;
				GCC_WARN_ABOUT_RETURN_TYPE = YES_ERROR;
				GCC_WARN_UNDECLARED_SELECTOR = YES;
				GCC_WARN_UNINITIALIZED_AUTOS = YES_AGGRESSIVE;
				GCC_WARN_UNUSED_FUNCTION = YES;
				GCC_WARN_UNUSED_VARIABLE = YES;
				IPHONEOS_DEPLOYMENT_TARGET = 9.3;
				MTL_ENABLE_DEBUG_INFO = YES;
				ONLY_ACTIVE_ARCH = YES;
				SDKROOT = iphoneos;
				SWIFT_OPTIMIZATION_LEVEL = "-Onone";
				TARGETED_DEVICE_FAMILY = "1,2";
			};
			name = Debug;
		};
		F2BCCFA41D2A469200E86BC7 /* Release */ = {
			isa = XCBuildConfiguration;
			buildSettings = {
				ALWAYS_SEARCH_USER_PATHS = NO;
				CLANG_ANALYZER_NONNULL = YES;
				CLANG_CXX_LANGUAGE_STANDARD = "gnu++0x";
				CLANG_CXX_LIBRARY = "libc++";
				CLANG_ENABLE_MODULES = YES;
				CLANG_ENABLE_OBJC_ARC = YES;
				CLANG_WARN_BOOL_CONVERSION = YES;
				CLANG_WARN_CONSTANT_CONVERSION = YES;
				CLANG_WARN_DIRECT_OBJC_ISA_USAGE = YES_ERROR;
				CLANG_WARN_EMPTY_BODY = YES;
				CLANG_WARN_ENUM_CONVERSION = YES;
				CLANG_WARN_INT_CONVERSION = YES;
				CLANG_WARN_OBJC_ROOT_CLASS = YES_ERROR;
				CLANG_WARN_UNREACHABLE_CODE = YES;
				CLANG_WARN__DUPLICATE_METHOD_MATCH = YES;
				"CODE_SIGN_IDENTITY[sdk=iphoneos*]" = "iPhone Developer";
				COPY_PHASE_STRIP = NO;
				DEBUG_INFORMATION_FORMAT = "dwarf-with-dsym";
				ENABLE_NS_ASSERTIONS = NO;
				ENABLE_STRICT_OBJC_MSGSEND = YES;
				GCC_C_LANGUAGE_STANDARD = gnu99;
				GCC_NO_COMMON_BLOCKS = YES;
				GCC_WARN_64_TO_32_BIT_CONVERSION = YES;
				GCC_WARN_ABOUT_RETURN_TYPE = YES_ERROR;
				GCC_WARN_UNDECLARED_SELECTOR = YES;
				GCC_WARN_UNINITIALIZED_AUTOS = YES_AGGRESSIVE;
				GCC_WARN_UNUSED_FUNCTION = YES;
				GCC_WARN_UNUSED_VARIABLE = YES;
				IPHONEOS_DEPLOYMENT_TARGET = 9.3;
				MTL_ENABLE_DEBUG_INFO = NO;
				SDKROOT = iphoneos;
				TARGETED_DEVICE_FAMILY = "1,2";
				VALIDATE_PRODUCT = YES;
			};
			name = Release;
		};
		F2BCCFA61D2A469200E86BC7 /* Debug */ = {
			isa = XCBuildConfiguration;
			buildSettings = {
				ASSETCATALOG_COMPILER_APPICON_NAME = AppIcon;
				INFOPLIST_FILE = "phone book/Info.plist";
				LD_RUNPATH_SEARCH_PATHS = "$(inherited) @executable_path/Frameworks";
				PRODUCT_BUNDLE_IDENTIFIER = "hehe.phone-book";
				PRODUCT_NAME = "$(TARGET_NAME)";
				SWIFT_OBJC_BRIDGING_HEADER = "/Users/CIEC_iMac/Desktop/swift/phone book/phone book/Header.h";
			};
			name = Debug;
		};
		F2BCCFA71D2A469200E86BC7 /* Release */ = {
			isa = XCBuildConfiguration;
			buildSettings = {
				ASSETCATALOG_COMPILER_APPICON_NAME = AppIcon;
				INFOPLIST_FILE = "phone book/Info.plist";
				LD_RUNPATH_SEARCH_PATHS = "$(inherited) @executable_path/Frameworks";
				PRODUCT_BUNDLE_IDENTIFIER = "hehe.phone-book";
				PRODUCT_NAME = "$(TARGET_NAME)";
				SWIFT_OBJC_BRIDGING_HEADER = "/Users/CIEC_iMac/Desktop/swift/phone book/phone book/Header.h";
			};
			name = Release;
		};
		F2BCCFA91D2A469200E86BC7 /* Debug */ = {
			isa = XCBuildConfiguration;
			buildSettings = {
				BUNDLE_LOADER = "$(TEST_HOST)";
				INFOPLIST_FILE = "phone bookTests/Info.plist";
				LD_RUNPATH_SEARCH_PATHS = "$(inherited) @executable_path/Frameworks @loader_path/Frameworks";
				PRODUCT_BUNDLE_IDENTIFIER = "hehe.phone-bookTests";
				PRODUCT_NAME = "$(TARGET_NAME)";
				TEST_HOST = "$(BUILT_PRODUCTS_DIR)/phone book.app/phone book";
			};
			name = Debug;
		};
		F2BCCFAA1D2A469200E86BC7 /* Release */ = {
			isa = XCBuildConfiguration;
			buildSettings = {
				BUNDLE_LOADER = "$(TEST_HOST)";
				INFOPLIST_FILE = "phone bookTests/Info.plist";
				LD_RUNPATH_SEARCH_PATHS = "$(inherited) @executable_path/Frameworks @loader_path/Frameworks";
				PRODUCT_BUNDLE_IDENTIFIER = "hehe.phone-bookTests";
				PRODUCT_NAME = "$(TARGET_NAME)";
				TEST_HOST = "$(BUILT_PRODUCTS_DIR)/phone book.app/phone book";
			};
			name = Release;
		};
		F2BCCFAC1D2A469200E86BC7 /* Debug */ = {
			isa = XCBuildConfiguration;
			buildSettings = {
				INFOPLIST_FILE = "phone bookUITests/Info.plist";
				LD_RUNPATH_SEARCH_PATHS = "$(inherited) @executable_path/Frameworks @loader_path/Frameworks";
				PRODUCT_BUNDLE_IDENTIFIER = "hehe.phone-bookUITests";
				PRODUCT_NAME = "$(TARGET_NAME)";
				TEST_TARGET_NAME = "phone book";
			};
			name = Debug;
		};
		F2BCCFAD1D2A469200E86BC7 /* Release */ = {
			isa = XCBuildConfiguration;
			buildSettings = {
				INFOPLIST_FILE = "phone bookUITests/Info.plist";
				LD_RUNPATH_SEARCH_PATHS = "$(inherited) @executable_path/Frameworks @loader_path/Frameworks";
				PRODUCT_BUNDLE_IDENTIFIER = "hehe.phone-bookUITests";
				PRODUCT_NAME = "$(TARGET_NAME)";
				TEST_TARGET_NAME = "phone book";
			};
			name = Release;
		};
/* End XCBuildConfiguration section */

/* Begin XCConfigurationList section */
		F2BCCF781D2A469100E86BC7 /* Build configuration list for PBXProject "phone book" */ = {
			isa = XCConfigurationList;
			buildConfigurations = (
				F2BCCFA31D2A469200E86BC7 /* Debug */,
				F2BCCFA41D2A469200E86BC7 /* Release */,
			);
			defaultConfigurationIsVisible = 0;
			defaultConfigurationName = Release;
		};
		F2BCCFA51D2A469200E86BC7 /* Build configuration list for PBXNativeTarget "phone book" */ = {
			isa = XCConfigurationList;
			buildConfigurations = (
				F2BCCFA61D2A469200E86BC7 /* Debug */,
				F2BCCFA71D2A469200E86BC7 /* Release */,
			);
			defaultConfigurationIsVisible = 0;
		};
		F2BCCFA81D2A469200E86BC7 /* Build configuration list for PBXNativeTarget "phone bookTests" */ = {
			isa = XCConfigurationList;
			buildConfigurations = (
				F2BCCFA91D2A469200E86BC7 /* Debug */,
				F2BCCFAA1D2A469200E86BC7 /* Release */,
			);
			defaultConfigurationIsVisible = 0;
		};
		F2BCCFAB1D2A469200E86BC7 /* Build configuration list for PBXNativeTarget "phone bookUITests" */ = {
			isa = XCConfigurationList;
			buildConfigurations = (
				F2BCCFAC1D2A469200E86BC7 /* Debug */,
				F2BCCFAD1D2A469200E86BC7 /* Release */,
			);
			defaultConfigurationIsVisible = 0;
		};
/* End XCConfigurationList section */
	};
	rootObject = F2BCCF751D2A469100E86BC7 /* Project object */;
}
